
Microsoft Visual Studio Solution File, Format Version 12.00
# Visual Studio Version 17
VisualStudioVersion = 17.11.35222.181
MinimumVisualStudioVersion = 10.0.40219.1
Project("{FAE04EC0-301F-11D3-BF4B-00C04F79EFBC}") = "ProductCatalog", "ProductCatalog\ProductCatalog.csproj", "{7A77BE3D-5FBD-4F9D-9408-93DDD91566CD}"
EndProject
Global
	GlobalSection(SolutionConfigurationPlatforms) = preSolution
		Debug|Any CPU = Debug|Any CPU
		Release|Any CPU = Release|Any CPU
	EndGlobalSection
	GlobalSection(ProjectConfigurationPlatforms) = postSolution
		{7A77BE3D-5FBD-4F9D-9408-93DDD91566CD}.Debug|Any CPU.ActiveCfg = Debug|Any CPU
		{7A77BE3D-5FBD-4F9D-9408-93DDD91566CD}.Debug|Any CPU.Build.0 = Debug|Any CPU
		{7A77BE3D-5FBD-4F9D-9408-93DDD91566CD}.Release|Any CPU.ActiveCfg = Release|Any CPU
		{7A77BE3D-5FBD-4F9D-9408-93DDD91566CD}.Release|Any CPU.Build.0 = Release|Any CPU
	EndGlobalSection
	GlobalSection(SolutionProperties) = preSolution
		HideSolutionNode = FALSE
	EndGlobalSection
	GlobalSection(ExtensibilityGlobals) = postSolution
		SolutionGuid = {42541EBB-CE08-428C-A306-3520D5DD9321}
	EndGlobalSection
EndGlobal
